// !$*UTF8*$!
{
	archiveVersion = 1;
	classes = {
	};
	objectVersion = 51;
	objects = {

/* Begin PBXBuildFile section */
		306694AEFC47862F54163E4F /* Pods_UICatalogForiOS.framework in Frameworks */ = {isa = PBXBuildFile; fileRef = 2464D5D6401823741BD93310 /* Pods_UICatalogForiOS.framework */; };
		9C154BBA24D3FD2900507DF6 /* CommonTableViewController.storyboard in Resources */ = {isa = PBXBuildFile; fileRef = 9C154BB924D3FD2900507DF6 /* CommonTableViewController.storyboard */; };
		9C154BBC24D3FFFF00507DF6 /* CommonTableViewController.swift in Sources */ = {isa = PBXBuildFile; fileRef = 9C154BBB24D3FFFF00507DF6 /* CommonTableViewController.swift */; };
		9C21B82C24A879FA00658EA3 /* AppDelegate.swift in Sources */ = {isa = PBXBuildFile; fileRef = 9C21B82B24A879FA00658EA3 /* AppDelegate.swift */; };
		9C21B82E24A879FA00658EA3 /* SceneDelegate.swift in Sources */ = {isa = PBXBuildFile; fileRef = 9C21B82D24A879FA00658EA3 /* SceneDelegate.swift */; };
		9C21B83024A879FA00658EA3 /* BaseViewController.swift in Sources */ = {isa = PBXBuildFile; fileRef = 9C21B82F24A879FA00658EA3 /* BaseViewController.swift */; };
		9C21B83324A879FA00658EA3 /* Main.storyboard in Resources */ = {isa = PBXBuildFile; fileRef = 9C21B83124A879FA00658EA3 /* Main.storyboard */; };
		9C21B83524A879FE00658EA3 /* Assets.xcassets in Resources */ = {isa = PBXBuildFile; fileRef = 9C21B83424A879FE00658EA3 /* Assets.xcassets */; };
		9C21B83824A879FE00658EA3 /* LaunchScreen.storyboard in Resources */ = {isa = PBXBuildFile; fileRef = 9C21B83624A879FE00658EA3 /* LaunchScreen.storyboard */; };
		9C21B84124A8812300658EA3 /* ChangedTabViewController.swift in Sources */ = {isa = PBXBuildFile; fileRef = 9C21B84024A8812300658EA3 /* ChangedTabViewController.swift */; };
		9C21B84424A883E800658EA3 /* ChangedTabViewController.storyboard in Resources */ = {isa = PBXBuildFile; fileRef = 9C21B84324A883E800658EA3 /* ChangedTabViewController.storyboard */; };
		9C21B84624A8898700658EA3 /* ChangedFavoriteTabChildViewController.swift in Sources */ = {isa = PBXBuildFile; fileRef = 9C21B84524A8898700658EA3 /* ChangedFavoriteTabChildViewController.swift */; };
		9C21B84824A889A200658EA3 /* ChangedInfoTabChildViewController.swift in Sources */ = {isa = PBXBuildFile; fileRef = 9C21B84724A889A200658EA3 /* ChangedInfoTabChildViewController.swift */; };
		9C21B84A24A88A1300658EA3 /* ChangedFavoriteTabChildViewController.storyboard in Resources */ = {isa = PBXBuildFile; fileRef = 9C21B84924A88A1300658EA3 /* ChangedFavoriteTabChildViewController.storyboard */; };
		9C21B84C24A88A4A00658EA3 /* ChangedInfoTabChildViewController.storyboard in Resources */ = {isa = PBXBuildFile; fileRef = 9C21B84B24A88A4A00658EA3 /* ChangedInfoTabChildViewController.storyboard */; };
		9C8E9FB924AF6C0100593CB0 /* TwitterScrollViewController.storyboard in Resources */ = {isa = PBXBuildFile; fileRef = 9C8E9FB824AF6C0100593CB0 /* TwitterScrollViewController.storyboard */; };
		9C8E9FBD24AF701D00593CB0 /* PagingMenuViewController.swift in Sources */ = {isa = PBXBuildFile; fileRef = 9C8E9FBC24AF701D00593CB0 /* PagingMenuViewController.swift */; };
		9C8E9FC124AF79A500593CB0 /* TableViewController.swift in Sources */ = {isa = PBXBuildFile; fileRef = 9C8E9FC024AF79A500593CB0 /* TableViewController.swift */; };
		9C8E9FC524AF8BBF00593CB0 /* HeaderViewController.swift in Sources */ = {isa = PBXBuildFile; fileRef = 9C8E9FC424AF8BBF00593CB0 /* HeaderViewController.swift */; };
		9CBF376F24D0280D006E304E /* AccordionMenuViewController.swift in Sources */ = {isa = PBXBuildFile; fileRef = 9CBF376E24D0280D006E304E /* AccordionMenuViewController.swift */; };
		9CBF377224D02837006E304E /* AccordionMenuViewController.storyboard in Resources */ = {isa = PBXBuildFile; fileRef = 9CBF377124D02837006E304E /* AccordionMenuViewController.storyboard */; };
		9CC0055024BB4C35007AECEC /* FloatingButtonViewController.swift in Sources */ = {isa = PBXBuildFile; fileRef = 9CC0054F24BB4C34007AECEC /* FloatingButtonViewController.swift */; };
/* End PBXBuildFile section */

/* Begin PBXFileReference section */
		066D05F15D64CF7AF281F164 /* Pods-UICatalogForiOS.debug.xcconfig */ = {isa = PBXFileReference; includeInIndex = 1; lastKnownFileType = text.xcconfig; name = "Pods-UICatalogForiOS.debug.xcconfig"; path = "Target Support Files/Pods-UICatalogForiOS/Pods-UICatalogForiOS.debug.xcconfig"; sourceTree = "<group>"; };
		2464D5D6401823741BD93310 /* Pods_UICatalogForiOS.framework */ = {isa = PBXFileReference; explicitFileType = wrapper.framework; includeInIndex = 0; path = Pods_UICatalogForiOS.framework; sourceTree = BUILT_PRODUCTS_DIR; };
		37037662F05A248BEB1FBBF9 /* Pods-UICatalogForiOS.release.xcconfig */ = {isa = PBXFileReference; includeInIndex = 1; lastKnownFileType = text.xcconfig; name = "Pods-UICatalogForiOS.release.xcconfig"; path = "Target Support Files/Pods-UICatalogForiOS/Pods-UICatalogForiOS.release.xcconfig"; sourceTree = "<group>"; };
		9C154BB924D3FD2900507DF6 /* CommonTableViewController.storyboard */ = {isa = PBXFileReference; lastKnownFileType = file.storyboard; path = CommonTableViewController.storyboard; sourceTree = "<group>"; };
		9C154BBB24D3FFFF00507DF6 /* CommonTableViewController.swift */ = {isa = PBXFileReference; lastKnownFileType = sourcecode.swift; path = CommonTableViewController.swift; sourceTree = "<group>"; };
		9C21B82824A879FA00658EA3 /* UICatalogForiOS.app */ = {isa = PBXFileReference; explicitFileType = wrapper.application; includeInIndex = 0; path = UICatalogForiOS.app; sourceTree = BUILT_PRODUCTS_DIR; };
		9C21B82B24A879FA00658EA3 /* AppDelegate.swift */ = {isa = PBXFileReference; lastKnownFileType = sourcecode.swift; path = AppDelegate.swift; sourceTree = "<group>"; };
		9C21B82D24A879FA00658EA3 /* SceneDelegate.swift */ = {isa = PBXFileReference; lastKnownFileType = sourcecode.swift; path = SceneDelegate.swift; sourceTree = "<group>"; };
		9C21B82F24A879FA00658EA3 /* BaseViewController.swift */ = {isa = PBXFileReference; lastKnownFileType = sourcecode.swift; path = BaseViewController.swift; sourceTree = "<group>"; };
		9C21B83224A879FA00658EA3 /* Base */ = {isa = PBXFileReference; lastKnownFileType = file.storyboard; name = Base; path = Base.lproj/Main.storyboard; sourceTree = "<group>"; };
		9C21B83424A879FE00658EA3 /* Assets.xcassets */ = {isa = PBXFileReference; lastKnownFileType = folder.assetcatalog; path = Assets.xcassets; sourceTree = "<group>"; };
		9C21B83724A879FE00658EA3 /* Base */ = {isa = PBXFileReference; lastKnownFileType = file.storyboard; name = Base; path = Base.lproj/LaunchScreen.storyboard; sourceTree = "<group>"; };
		9C21B83924A879FE00658EA3 /* Info.plist */ = {isa = PBXFileReference; lastKnownFileType = text.plist.xml; path = Info.plist; sourceTree = "<group>"; };
		9C21B84024A8812300658EA3 /* ChangedTabViewController.swift */ = {isa = PBXFileReference; lastKnownFileType = sourcecode.swift; path = ChangedTabViewController.swift; sourceTree = "<group>"; };
		9C21B84324A883E800658EA3 /* ChangedTabViewController.storyboard */ = {isa = PBXFileReference; lastKnownFileType = file.storyboard; path = ChangedTabViewController.storyboard; sourceTree = "<group>"; };
		9C21B84524A8898700658EA3 /* ChangedFavoriteTabChildViewController.swift */ = {isa = PBXFileReference; lastKnownFileType = sourcecode.swift; path = ChangedFavoriteTabChildViewController.swift; sourceTree = "<group>"; };
		9C21B84724A889A200658EA3 /* ChangedInfoTabChildViewController.swift */ = {isa = PBXFileReference; lastKnownFileType = sourcecode.swift; path = ChangedInfoTabChildViewController.swift; sourceTree = "<group>"; };
		9C21B84924A88A1300658EA3 /* ChangedFavoriteTabChildViewController.storyboard */ = {isa = PBXFileReference; lastKnownFileType = file.storyboard; path = ChangedFavoriteTabChildViewController.storyboard; sourceTree = "<group>"; };
		9C21B84B24A88A4A00658EA3 /* ChangedInfoTabChildViewController.storyboard */ = {isa = PBXFileReference; lastKnownFileType = file.storyboard; path = ChangedInfoTabChildViewController.storyboard; sourceTree = "<group>"; };
		9C8E9FB824AF6C0100593CB0 /* TwitterScrollViewController.storyboard */ = {isa = PBXFileReference; lastKnownFileType = file.storyboard; path = TwitterScrollViewController.storyboard; sourceTree = "<group>"; };
		9C8E9FBC24AF701D00593CB0 /* PagingMenuViewController.swift */ = {isa = PBXFileReference; lastKnownFileType = sourcecode.swift; path = PagingMenuViewController.swift; sourceTree = "<group>"; };
		9C8E9FC024AF79A500593CB0 /* TableViewController.swift */ = {isa = PBXFileReference; lastKnownFileType = sourcecode.swift; path = TableViewController.swift; sourceTree = "<group>"; };
		9C8E9FC424AF8BBF00593CB0 /* HeaderViewController.swift */ = {isa = PBXFileReference; lastKnownFileType = sourcecode.swift; path = HeaderViewController.swift; sourceTree = "<group>"; };
		9CBF376E24D0280D006E304E /* AccordionMenuViewController.swift */ = {isa = PBXFileReference; lastKnownFileType = sourcecode.swift; path = AccordionMenuViewController.swift; sourceTree = "<group>"; };
		9CBF377124D02837006E304E /* AccordionMenuViewController.storyboard */ = {isa = PBXFileReference; lastKnownFileType = file.storyboard; path = AccordionMenuViewController.storyboard; sourceTree = "<group>"; };
		9CC0054F24BB4C34007AECEC /* FloatingButtonViewController.swift */ = {isa = PBXFileReference; lastKnownFileType = sourcecode.swift; path = FloatingButtonViewController.swift; sourceTree = "<group>"; };
/* End PBXFileReference section */

/* Begin PBXFrameworksBuildPhase section */
		9C21B82524A879FA00658EA3 /* Frameworks */ = {
			isa = PBXFrameworksBuildPhase;
			buildActionMask = 2147483647;
			files = (
				306694AEFC47862F54163E4F /* Pods_UICatalogForiOS.framework in Frameworks */,
			);
			runOnlyForDeploymentPostprocessing = 0;
		};
/* End PBXFrameworksBuildPhase section */

/* Begin PBXGroup section */
		29A1446C3903935C014E204A /* Frameworks */ = {
			isa = PBXGroup;
			children = (
				2464D5D6401823741BD93310 /* Pods_UICatalogForiOS.framework */,
			);
			name = Frameworks;
			sourceTree = "<group>";
		};
		9C21B81F24A879FA00658EA3 = {
			isa = PBXGroup;
			children = (
				9C21B82A24A879FA00658EA3 /* UICatalogForiOS */,
				9C21B82924A879FA00658EA3 /* Products */,
				BAFEEA42025ED95F13FCDDB6 /* Pods */,
				29A1446C3903935C014E204A /* Frameworks */,
			);
			sourceTree = "<group>";
		};
		9C21B82924A879FA00658EA3 /* Products */ = {
			isa = PBXGroup;
			children = (
				9C21B82824A879FA00658EA3 /* UICatalogForiOS.app */,
			);
			name = Products;
			sourceTree = "<group>";
		};
		9C21B82A24A879FA00658EA3 /* UICatalogForiOS */ = {
			isa = PBXGroup;
			children = (
				9C21B84224A883D100658EA3 /* Storyboard */,
				9C21B83F24A87FEA00658EA3 /* ViewController */,
				9C21B82B24A879FA00658EA3 /* AppDelegate.swift */,
				9C21B82D24A879FA00658EA3 /* SceneDelegate.swift */,
				9C21B83424A879FE00658EA3 /* Assets.xcassets */,
				9C21B83624A879FE00658EA3 /* LaunchScreen.storyboard */,
				9C21B83924A879FE00658EA3 /* Info.plist */,
			);
			path = UICatalogForiOS;
			sourceTree = "<group>";
		};
		9C21B83F24A87FEA00658EA3 /* ViewController */ = {
			isa = PBXGroup;
			children = (
				9CC0055524BB4DEF007AECEC /* Common */,
				9CC0055424BB4DD7007AECEC /* MXParallaxHeaderAndTabman */,
				9CC0055324BB4DC3007AECEC /* XLPagerTabStrip */,
				9CBF376D24D027BE006E304E /* AccordionMenu */,
			);
			path = ViewController;
			sourceTree = "<group>";
		};
		9C21B84224A883D100658EA3 /* Storyboard */ = {
			isa = PBXGroup;
			children = (
				9CC0055624BB4E77007AECEC /* Common */,
				9CC0055224BB4D9B007AECEC /* MXParallaxHeaderAndTabman */,
				9CC0055124BB4D88007AECEC /* XLPagerTabStrip */,
				9CBF377024D02818006E304E /* AccordionMenu */,
			);
			path = Storyboard;
			sourceTree = "<group>";
		};
		9CBF376D24D027BE006E304E /* AccordionMenu */ = {
			isa = PBXGroup;
			children = (
				9CBF376E24D0280D006E304E /* AccordionMenuViewController.swift */,
			);
			path = AccordionMenu;
			sourceTree = "<group>";
		};
		9CBF377024D02818006E304E /* AccordionMenu */ = {
			isa = PBXGroup;
			children = (
				9CBF377124D02837006E304E /* AccordionMenuViewController.storyboard */,
			);
			path = AccordionMenu;
			sourceTree = "<group>";
		};
		9CC0055124BB4D88007AECEC /* XLPagerTabStrip */ = {
			isa = PBXGroup;
			children = (
				9C21B84324A883E800658EA3 /* ChangedTabViewController.storyboard */,
				9C21B84924A88A1300658EA3 /* ChangedFavoriteTabChildViewController.storyboard */,
				9C21B84B24A88A4A00658EA3 /* ChangedInfoTabChildViewController.storyboard */,
			);
			path = XLPagerTabStrip;
			sourceTree = "<group>";
		};
		9CC0055224BB4D9B007AECEC /* MXParallaxHeaderAndTabman */ = {
			isa = PBXGroup;
			children = (
				9C8E9FB824AF6C0100593CB0 /* TwitterScrollViewController.storyboard */,
			);
			path = MXParallaxHeaderAndTabman;
			sourceTree = "<group>";
		};
		9CC0055324BB4DC3007AECEC /* XLPagerTabStrip */ = {
			isa = PBXGroup;
			children = (
				9C21B84024A8812300658EA3 /* ChangedTabViewController.swift */,
				9C21B84524A8898700658EA3 /* ChangedFavoriteTabChildViewController.swift */,
				9C21B84724A889A200658EA3 /* ChangedInfoTabChildViewController.swift */,
			);
			path = XLPagerTabStrip;
			sourceTree = "<group>";
		};
		9CC0055424BB4DD7007AECEC /* MXParallaxHeaderAndTabman */ = {
			isa = PBXGroup;
			children = (
				9C8E9FBC24AF701D00593CB0 /* PagingMenuViewController.swift */,
				9C8E9FC024AF79A500593CB0 /* TableViewController.swift */,
				9C8E9FC424AF8BBF00593CB0 /* HeaderViewController.swift */,
			);
			path = MXParallaxHeaderAndTabman;
			sourceTree = "<group>";
		};
		9CC0055524BB4DEF007AECEC /* Common */ = {
			isa = PBXGroup;
			children = (
				9C21B82F24A879FA00658EA3 /* BaseViewController.swift */,
				9CC0054F24BB4C34007AECEC /* FloatingButtonViewController.swift */,
				9C154BBB24D3FFFF00507DF6 /* CommonTableViewController.swift */,
			);
			path = Common;
			sourceTree = "<group>";
		};
		9CC0055624BB4E77007AECEC /* Common */ = {
			isa = PBXGroup;
			children = (
				9C21B83124A879FA00658EA3 /* Main.storyboard */,
				9C154BB924D3FD2900507DF6 /* CommonTableViewController.storyboard */,
			);
			path = Common;
			sourceTree = "<group>";
		};
		BAFEEA42025ED95F13FCDDB6 /* Pods */ = {
			isa = PBXGroup;
			children = (
				066D05F15D64CF7AF281F164 /* Pods-UICatalogForiOS.debug.xcconfig */,
				37037662F05A248BEB1FBBF9 /* Pods-UICatalogForiOS.release.xcconfig */,
			);
			path = Pods;
			sourceTree = "<group>";
		};
/* End PBXGroup section */

/* Begin PBXNativeTarget section */
		9C21B82724A879FA00658EA3 /* UICatalogForiOS */ = {
			isa = PBXNativeTarget;
			buildConfigurationList = 9C21B83C24A879FE00658EA3 /* Build configuration list for PBXNativeTarget "UICatalogForiOS" */;
			buildPhases = (
				C35C9CC0893FF03262858303 /* [CP] Check Pods Manifest.lock */,
				9C21B82424A879FA00658EA3 /* Sources */,
				9C21B82524A879FA00658EA3 /* Frameworks */,
				9C21B82624A879FA00658EA3 /* Resources */,
				65AC314DD42FFEE8CECAE5D5 /* [CP] Embed Pods Frameworks */,
			);
			buildRules = (
			);
			dependencies = (
			);
			name = UICatalogForiOS;
			productName = UICatalogForiOS;
			productReference = 9C21B82824A879FA00658EA3 /* UICatalogForiOS.app */;
			productType = "com.apple.product-type.application";
		};
/* End PBXNativeTarget section */

/* Begin PBXProject section */
		9C21B82024A879FA00658EA3 /* Project object */ = {
			isa = PBXProject;
			attributes = {
				LastSwiftUpdateCheck = 1130;
				LastUpgradeCheck = 1130;
				ORGANIZATIONNAME = shusuke;
				TargetAttributes = {
					9C21B82724A879FA00658EA3 = {
						CreatedOnToolsVersion = 11.3.1;
					};
				};
			};
			buildConfigurationList = 9C21B82324A879FA00658EA3 /* Build configuration list for PBXProject "UICatalogForiOS" */;
			compatibilityVersion = "Xcode 9.3";
			developmentRegion = en;
			hasScannedForEncodings = 0;
			knownRegions = (
				en,
				Base,
			);
			mainGroup = 9C21B81F24A879FA00658EA3;
			productRefGroup = 9C21B82924A879FA00658EA3 /* Products */;
			projectDirPath = "";
			projectRoot = "";
			targets = (
				9C21B82724A879FA00658EA3 /* UICatalogForiOS */,
			);
		};
/* End PBXProject section */

/* Begin PBXResourcesBuildPhase section */
		9C21B82624A879FA00658EA3 /* Resources */ = {
			isa = PBXResourcesBuildPhase;
			buildActionMask = 2147483647;
			files = (
				9C21B83824A879FE00658EA3 /* LaunchScreen.storyboard in Resources */,
				9C21B83524A879FE00658EA3 /* Assets.xcassets in Resources */,
				9C21B84424A883E800658EA3 /* ChangedTabViewController.storyboard in Resources */,
				9CBF377224D02837006E304E /* AccordionMenuViewController.storyboard in Resources */,
				9C21B84A24A88A1300658EA3 /* ChangedFavoriteTabChildViewController.storyboard in Resources */,
				9C154BBA24D3FD2900507DF6 /* CommonTableViewController.storyboard in Resources */,
				9C21B83324A879FA00658EA3 /* Main.storyboard in Resources */,
				9C8E9FB924AF6C0100593CB0 /* TwitterScrollViewController.storyboard in Resources */,
				9C21B84C24A88A4A00658EA3 /* ChangedInfoTabChildViewController.storyboard in Resources */,
			);
			runOnlyForDeploymentPostprocessing = 0;
		};
/* End PBXResourcesBuildPhase section */

/* Begin PBXShellScriptBuildPhase section */
		65AC314DD42FFEE8CECAE5D5 /* [CP] Embed Pods Frameworks */ = {
			isa = PBXShellScriptBuildPhase;
			buildActionMask = 2147483647;
			files = (
			);
			inputFileListPaths = (
				"${PODS_ROOT}/Target Support Files/Pods-UICatalogForiOS/Pods-UICatalogForiOS-frameworks-${CONFIGURATION}-input-files.xcfilelist",
			);
			name = "[CP] Embed Pods Frameworks";
			outputFileListPaths = (
				"${PODS_ROOT}/Target Support Files/Pods-UICatalogForiOS/Pods-UICatalogForiOS-frameworks-${CONFIGURATION}-output-files.xcfilelist",
			);
			runOnlyForDeploymentPostprocessing = 0;
			shellPath = /bin/sh;
			shellScript = "\"${PODS_ROOT}/Target Support Files/Pods-UICatalogForiOS/Pods-UICatalogForiOS-frameworks.sh\"\n";
			showEnvVarsInLog = 0;
		};
		C35C9CC0893FF03262858303 /* [CP] Check Pods Manifest.lock */ = {
			isa = PBXShellScriptBuildPhase;
			buildActionMask = 2147483647;
			files = (
			);
			inputFileListPaths = (
			);
			inputPaths = (
				"${PODS_PODFILE_DIR_PATH}/Podfile.lock",
				"${PODS_ROOT}/Manifest.lock",
			);
			name = "[CP] Check Pods Manifest.lock";
			outputFileListPaths = (
			);
			outputPaths = (
				"$(DERIVED_FILE_DIR)/Pods-UICatalogForiOS-checkManifestLockResult.txt",
			);
			runOnlyForDeploymentPostprocessing = 0;
			shellPath = /bin/sh;
			shellScript = "diff \"${PODS_PODFILE_DIR_PATH}/Podfile.lock\" \"${PODS_ROOT}/Manifest.lock\" > /dev/null\nif [ $? != 0 ] ; then\n    # print error to STDERR\n    echo \"error: The sandbox is not in sync with the Podfile.lock. Run 'pod install' or update your CocoaPods installation.\" >&2\n    exit 1\nfi\n# This output is used by Xcode 'outputs' to avoid re-running this script phase.\necho \"SUCCESS\" > \"${SCRIPT_OUTPUT_FILE_0}\"\n";
			showEnvVarsInLog = 0;
		};
/* End PBXShellScriptBuildPhase section */

/* Begin PBXSourcesBuildPhase section */
		9C21B82424A879FA00658EA3 /* Sources */ = {
			isa = PBXSourcesBuildPhase;
			buildActionMask = 2147483647;
			files = (
				9C21B84824A889A200658EA3 /* ChangedInfoTabChildViewController.swift in Sources */,
				9C21B83024A879FA00658EA3 /* BaseViewController.swift in Sources */,
				9CC0055024BB4C35007AECEC /* FloatingButtonViewController.swift in Sources */,
				9C21B84124A8812300658EA3 /* ChangedTabViewController.swift in Sources */,
				9CBF376F24D0280D006E304E /* AccordionMenuViewController.swift in Sources */,
				9C8E9FC124AF79A500593CB0 /* TableViewController.swift in Sources */,
				9C8E9FBD24AF701D00593CB0 /* PagingMenuViewController.swift in Sources */,
				9C21B84624A8898700658EA3 /* ChangedFavoriteTabChildViewController.swift in Sources */,
				9C21B82C24A879FA00658EA3 /* AppDelegate.swift in Sources */,
				9C21B82E24A879FA00658EA3 /* SceneDelegate.swift in Sources */,
				9C154BBC24D3FFFF00507DF6 /* CommonTableViewController.swift in Sources */,
				9C8E9FC524AF8BBF00593CB0 /* HeaderViewController.swift in Sources */,
			);
			runOnlyForDeploymentPostprocessing = 0;
		};
/* End PBXSourcesBuildPhase section */

/* Begin PBXVariantGroup section */
		9C21B83124A879FA00658EA3 /* Main.storyboard */ = {
			isa = PBXVariantGroup;
			children = (
				9C21B83224A879FA00658EA3 /* Base */,
			);
			name = Main.storyboard;
			sourceTree = "<group>";
		};
		9C21B83624A879FE00658EA3 /* LaunchScreen.storyboard */ = {
			isa = PBXVariantGroup;
			children = (
				9C21B83724A879FE00658EA3 /* Base */,
			);
			name = LaunchScreen.storyboard;
			sourceTree = "<group>";
		};
/* End PBXVariantGroup section */

/* Begin XCBuildConfiguration section */
		9C21B83A24A879FE00658EA3 /* Debug */ = {
			isa = XCBuildConfiguration;
			buildSettings = {
				ALWAYS_SEARCH_USER_PATHS = NO;
				CLANG_ANALYZER_NONNULL = YES;
				CLANG_ANALYZER_NUMBER_OBJECT_CONVERSION = YES_AGGRESSIVE;
				CLANG_CXX_LANGUAGE_STANDARD = "gnu++14";
				CLANG_CXX_LIBRARY = "libc++";
				CLANG_ENABLE_MODULES = YES;
				CLANG_ENABLE_OBJC_ARC = YES;
				CLANG_ENABLE_OBJC_WEAK = YES;
				CLANG_WARN_BLOCK_CAPTURE_AUTORELEASING = YES;
				CLANG_WARN_BOOL_CONVERSION = YES;
				CLANG_WARN_COMMA = YES;
				CLANG_WARN_CONSTANT_CONVERSION = YES;
				CLANG_WARN_DEPRECATED_OBJC_IMPLEMENTATIONS = YES;
				CLANG_WARN_DIRECT_OBJC_ISA_USAGE = YES_ERROR;
				CLANG_WARN_DOCUMENTATION_COMMENTS = YES;
				CLANG_WARN_EMPTY_BODY = YES;
				CLANG_WARN_ENUM_CONVERSION = YES;
				CLANG_WARN_INFINITE_RECURSION = YES;
				CLANG_WARN_INT_CONVERSION = YES;
				CLANG_WARN_NON_LITERAL_NULL_CONVERSION = YES;
				CLANG_WARN_OBJC_IMPLICIT_RETAIN_SELF = YES;
				CLANG_WARN_OBJC_LITERAL_CONVERSION = YES;
				CLANG_WARN_OBJC_ROOT_CLASS = YES_ERROR;
				CLANG_WARN_RANGE_LOOP_ANALYSIS = YES;
				CLANG_WARN_STRICT_PROTOTYPES = YES;
				CLANG_WARN_SUSPICIOUS_MOVE = YES;
				CLANG_WARN_UNGUARDED_AVAILABILITY = YES_AGGRESSIVE;
				CLANG_WARN_UNREACHABLE_CODE = YES;
				CLANG_WARN__DUPLICATE_METHOD_MATCH = YES;
				COPY_PHASE_STRIP = NO;
				DEBUG_INFORMATION_FORMAT = dwarf;
				ENABLE_STRICT_OBJC_MSGSEND = YES;
				ENABLE_TESTABILITY = YES;
				GCC_C_LANGUAGE_STANDARD = gnu11;
				GCC_DYNAMIC_NO_PIC = NO;
				GCC_NO_COMMON_BLOCKS = YES;
				GCC_OPTIMIZATION_LEVEL = 0;
				GCC_PREPROCESSOR_DEFINITIONS = (
					"DEBUG=1",
					"$(inherited)",
				);
				GCC_WARN_64_TO_32_BIT_CONVERSION = YES;
				GCC_WARN_ABOUT_RETURN_TYPE = YES_ERROR;
				GCC_WARN_UNDECLARED_SELECTOR = YES;
				GCC_WARN_UNINITIALIZED_AUTOS = YES_AGGRESSIVE;
				GCC_WARN_UNUSED_FUNCTION = YES;
				GCC_WARN_UNUSED_VARIABLE = YES;
				IPHONEOS_DEPLOYMENT_TARGET = 13.2;
				MTL_ENABLE_DEBUG_INFO = INCLUDE_SOURCE;
				MTL_FAST_MATH = YES;
				ONLY_ACTIVE_ARCH = YES;
				SDKROOT = iphoneos;
				SWIFT_ACTIVE_COMPILATION_CONDITIONS = DEBUG;
				SWIFT_OPTIMIZATION_LEVEL = "-Onone";
			};
			name = Debug;
		};
		9C21B83B24A879FE00658EA3 /* Release */ = {
			isa = XCBuildConfiguration;
			buildSettings = {
				ALWAYS_SEARCH_USER_PATHS = NO;
				CLANG_ANALYZER_NONNULL = YES;
				CLANG_ANALYZER_NUMBER_OBJECT_CONVERSION = YES_AGGRESSIVE;
				CLANG_CXX_LANGUAGE_STANDARD = "gnu++14";
				CLANG_CXX_LIBRARY = "libc++";
				CLANG_ENABLE_MODULES = YES;
				CLANG_ENABLE_OBJC_ARC = YES;
				CLANG_ENABLE_OBJC_WEAK = YES;
				CLANG_WARN_BLOCK_CAPTURE_AUTORELEASING = YES;
				CLANG_WARN_BOOL_CONVERSION = YES;
				CLANG_WARN_COMMA = YES;
				CLANG_WARN_CONSTANT_CONVERSION = YES;
				CLANG_WARN_DEPRECATED_OBJC_IMPLEMENTATIONS = YES;
				CLANG_WARN_DIRECT_OBJC_ISA_USAGE = YES_ERROR;
				CLANG_WARN_DOCUMENTATION_COMMENTS = YES;
				CLANG_WARN_EMPTY_BODY = YES;
				CLANG_WARN_ENUM_CONVERSION = YES;
				CLANG_WARN_INFINITE_RECURSION = YES;
				CLANG_WARN_INT_CONVERSION = YES;
				CLANG_WARN_NON_LITERAL_NULL_CONVERSION = YES;
				CLANG_WARN_OBJC_IMPLICIT_RETAIN_SELF = YES;
				CLANG_WARN_OBJC_LITERAL_CONVERSION = YES;
				CLANG_WARN_OBJC_ROOT_CLASS = YES_ERROR;
				CLANG_WARN_RANGE_LOOP_ANALYSIS = YES;
				CLANG_WARN_STRICT_PROTOTYPES = YES;
				CLANG_WARN_SUSPICIOUS_MOVE = YES;
				CLANG_WARN_UNGUARDED_AVAILABILITY = YES_AGGRESSIVE;
				CLANG_WARN_UNREACHABLE_CODE = YES;
				CLANG_WARN__DUPLICATE_METHOD_MATCH = YES;
				COPY_PHASE_STRIP = NO;
				DEBUG_INFORMATION_FORMAT = "dwarf-with-dsym";
				ENABLE_NS_ASSERTIONS = NO;
				ENABLE_STRICT_OBJC_MSGSEND = YES;
				GCC_C_LANGUAGE_STANDARD = gnu11;
				GCC_NO_COMMON_BLOCKS = YES;
				GCC_WARN_64_TO_32_BIT_CONVERSION = YES;
				GCC_WARN_ABOUT_RETURN_TYPE = YES_ERROR;
				GCC_WARN_UNDECLARED_SELECTOR = YES;
				GCC_WARN_UNINITIALIZED_AUTOS = YES_AGGRESSIVE;
				GCC_WARN_UNUSED_FUNCTION = YES;
				GCC_WARN_UNUSED_VARIABLE = YES;
				IPHONEOS_DEPLOYMENT_TARGET = 13.2;
				MTL_ENABLE_DEBUG_INFO = NO;
				MTL_FAST_MATH = YES;
				SDKROOT = iphoneos;
				SWIFT_COMPILATION_MODE = wholemodule;
				SWIFT_OPTIMIZATION_LEVEL = "-O";
				VALIDATE_PRODUCT = YES;
			};
			name = Release;
		};
		9C21B83D24A879FE00658EA3 /* Debug */ = {
			isa = XCBuildConfiguration;
			baseConfigurationReference = 066D05F15D64CF7AF281F164 /* Pods-UICatalogForiOS.debug.xcconfig */;
			buildSettings = {
				ASSETCATALOG_COMPILER_APPICON_NAME = AppIcon;
				CODE_SIGN_STYLE = Automatic;
				DEVELOPMENT_TEAM = 2XL9QYTD77;
				INFOPLIST_FILE = UICatalogForiOS/Info.plist;
				LD_RUNPATH_SEARCH_PATHS = (
					"$(inherited)",
					"@executable_path/Frameworks",
				);
				PRODUCT_BUNDLE_IDENTIFIER = jp.shusuke.ota.UICatalogForiOS;
				PRODUCT_NAME = "$(TARGET_NAME)";
				SWIFT_VERSION = 5.0;
				TARGETED_DEVICE_FAMILY = "1,2";
			};
			name = Debug;
		};
		9C21B83E24A879FE00658EA3 /* Release */ = {
			isa = XCBuildConfiguration;
			baseConfigurationReference = 37037662F05A248BEB1FBBF9 /* Pods-UICatalogForiOS.release.xcconfig */;
			buildSettings = {
				ASSETCATALOG_COMPILER_APPICON_NAME = AppIcon;
				CODE_SIGN_STYLE = Automatic;
				DEVELOPMENT_TEAM = 2XL9QYTD77;
				INFOPLIST_FILE = UICatalogForiOS/Info.plist;
				LD_RUNPATH_SEARCH_PATHS = (
					"$(inherited)",
					"@executable_path/Frameworks",
				);
				PRODUCT_BUNDLE_IDENTIFIER = jp.shusuke.ota.UICatalogForiOS;
				PRODUCT_NAME = "$(TARGET_NAME)";
				SWIFT_VERSION = 5.0;
				TARGETED_DEVICE_FAMILY = "1,2";
			};
			name = Release;
		};
/* End XCBuildConfiguration section */

/* Begin XCConfigurationList section */
		9C21B82324A879FA00658EA3 /* Build configuration list for PBXProject "UICatalogForiOS" */ = {
			isa = XCConfigurationList;
			buildConfigurations = (
				9C21B83A24A879FE00658EA3 /* Debug */,
				9C21B83B24A879FE00658EA3 /* Release */,
			);
			defaultConfigurationIsVisible = 0;
			defaultConfigurationName = Release;
		};
		9C21B83C24A879FE00658EA3 /* Build configuration list for PBXNativeTarget "UICatalogForiOS" */ = {
			isa = XCConfigurationList;
			buildConfigurations = (
				9C21B83D24A879FE00658EA3 /* Debug */,
				9C21B83E24A879FE00658EA3 /* Release */,
			);
			defaultConfigurationIsVisible = 0;
			defaultConfigurationName = Release;
		};
/* End XCConfigurationList section */
	};
	rootObject = 9C21B82024A879FA00658EA3 /* Project object */;
}
